
Microsoft Visual Studio Solution File, Format Version 12.00
# Visual Studio Version 16
VisualStudioVersion = 16.0.30114.105
MinimumVisualStudioVersion = 10.0.40219.1
Project("{9A19103F-16F7-4668-BE54-9A1E7A4F7556}") = "EventAuthServer", "EventAuthServer\EventAuthServer.csproj", "{5C35A277-045C-4447-AFF7-EDC87DE0ED49}"
EndProject
Project("{E53339B2-1760-4266-BCC7-CA923CBCF16C}") = "docker-compose", "docker-compose.dcproj", "{ABD51443-36B9-49CC-8BCC-D372978E3745}"
EndProject
Global
	GlobalSection(SolutionConfigurationPlatforms) = preSolution
		Debug|Any CPU = Debug|Any CPU
		Release|Any CPU = Release|Any CPU
	EndGlobalSection
	GlobalSection(ProjectConfigurationPlatforms) = postSolution
		{5C35A277-045C-4447-AFF7-EDC87DE0ED49}.Debug|Any CPU.ActiveCfg = Debug|Any CPU
		{5C35A277-045C-4447-AFF7-EDC87DE0ED49}.Debug|Any CPU.Build.0 = Debug|Any CPU
		{5C35A277-045C-4447-AFF7-EDC87DE0ED49}.Release|Any CPU.ActiveCfg = Release|Any CPU
		{5C35A277-045C-4447-AFF7-EDC87DE0ED49}.Release|Any CPU.Build.0 = Release|Any CPU
		{ABD51443-36B9-49CC-8BCC-D372978E3745}.Debug|Any CPU.ActiveCfg = Debug|Any CPU
		{ABD51443-36B9-49CC-8BCC-D372978E3745}.Debug|Any CPU.Build.0 = Debug|Any CPU
		{ABD51443-36B9-49CC-8BCC-D372978E3745}.Release|Any CPU.ActiveCfg = Release|Any CPU
		{ABD51443-36B9-49CC-8BCC-D372978E3745}.Release|Any CPU.Build.0 = Release|Any CPU
	EndGlobalSection
	GlobalSection(SolutionProperties) = preSolution
		HideSolutionNode = FALSE
	EndGlobalSection
	GlobalSection(ExtensibilityGlobals) = postSolution
		SolutionGuid = {EFCC60DB-6B65-4D1C-85A3-15F41336CB51}
	EndGlobalSection
EndGlobal
